
Microsoft Visual Studio Solution File, Format Version 12.00
# Visual Studio Version 16
VisualStudioVersion = 16.0.31729.503
MinimumVisualStudioVersion = 10.0.40219.1
Project("{FAE04EC0-301F-11D3-BF4B-00C04F79EFBC}") = "CursoCSharp", "CursoCSharp\CursoCSharp.csproj", "{FD45E1B7-034F-4B67-8B78-97C53AF6C827}"
EndProject
Global
	GlobalSection(SolutionConfigurationPlatforms) = preSolution
		Debug|Any CPU = Debug|Any CPU
		Release|Any CPU = Release|Any CPU
	EndGlobalSection
	GlobalSection(ProjectConfigurationPlatforms) = postSolution
		{FD45E1B7-034F-4B67-8B78-97C53AF6C827}.Debug|Any CPU.ActiveCfg = Debug|Any CPU
		{FD45E1B7-034F-4B67-8B78-97C53AF6C827}.Debug|Any CPU.Build.0 = Debug|Any CPU
		{FD45E1B7-034F-4B67-8B78-97C53AF6C827}.Release|Any CPU.ActiveCfg = Release|Any CPU
		{FD45E1B7-034F-4B67-8B78-97C53AF6C827}.Release|Any CPU.Build.0 = Release|Any CPU
	EndGlobalSection
	GlobalSection(SolutionProperties) = preSolution
		HideSolutionNode = FALSE
	EndGlobalSection
	GlobalSection(ExtensibilityGlobals) = postSolution
		SolutionGuid = {3D784475-29FA-495E-9DC8-8C2055A6175D}
	EndGlobalSection
EndGlobal
